
Microsoft Visual Studio Solution File, Format Version 12.00
# Visual Studio Version 16
VisualStudioVersion = 16.0.31729.503
MinimumVisualStudioVersion = 10.0.40219.1
Project("{FAE04EC0-301F-11D3-BF4B-00C04F79EFBC}") = "WindowsService1", "WindowsService1\WindowsService1.csproj", "{CBE07704-8370-4C02-B132-D818788392E3}"
EndProject
Global
	GlobalSection(SolutionConfigurationPlatforms) = preSolution
		Debug|Any CPU = Debug|Any CPU
		Release|Any CPU = Release|Any CPU
	EndGlobalSection
	GlobalSection(ProjectConfigurationPlatforms) = postSolution
		{CBE07704-8370-4C02-B132-D818788392E3}.Debug|Any CPU.ActiveCfg = Debug|Any CPU
		{CBE07704-8370-4C02-B132-D818788392E3}.Debug|Any CPU.Build.0 = Debug|Any CPU
		{CBE07704-8370-4C02-B132-D818788392E3}.Release|Any CPU.ActiveCfg = Release|Any CPU
		{CBE07704-8370-4C02-B132-D818788392E3}.Release|Any CPU.Build.0 = Release|Any CPU
	EndGlobalSection
	GlobalSection(SolutionProperties) = preSolution
		HideSolutionNode = FALSE
	EndGlobalSection
	GlobalSection(ExtensibilityGlobals) = postSolution
		SolutionGuid = {8F8DB5EF-4E5F-4D8E-833F-3B141E0FDAEF}
	EndGlobalSection
EndGlobal
